// !$*UTF8*$!
{
	archiveVersion = 1;
	classes = {
	};
	objectVersion = 46;
	objects = {

/* Begin PBXBuildFile section */
		8A602AE71828577E0054DFD7 /* UIColor+RandomColor.m in Sources */ = {isa = PBXBuildFile; fileRef = 8A602AE61828577E0054DFD7 /* UIColor+RandomColor.m */; };
		8AD2263D181740E400B1EA5D /* Foundation.framework in Frameworks */ = {isa = PBXBuildFile; fileRef = 8AD2263C181740E400B1EA5D /* Foundation.framework */; };
		8AD2263F181740E400B1EA5D /* CoreGraphics.framework in Frameworks */ = {isa = PBXBuildFile; fileRef = 8AD2263E181740E400B1EA5D /* CoreGraphics.framework */; };
		8AD22641181740E400B1EA5D /* UIKit.framework in Frameworks */ = {isa = PBXBuildFile; fileRef = 8AD22640181740E400B1EA5D /* UIKit.framework */; };
		8AD22647181740E400B1EA5D /* InfoPlist.strings in Resources */ = {isa = PBXBuildFile; fileRef = 8AD22645181740E400B1EA5D /* InfoPlist.strings */; };
		8AD22649181740E400B1EA5D /* main.m in Sources */ = {isa = PBXBuildFile; fileRef = 8AD22648181740E400B1EA5D /* main.m */; };
		8AD2264D181740E400B1EA5D /* ZMBAppDelegate.m in Sources */ = {isa = PBXBuildFile; fileRef = 8AD2264C181740E400B1EA5D /* ZMBAppDelegate.m */; };
		8AD22650181740E400B1EA5D /* Main.storyboard in Resources */ = {isa = PBXBuildFile; fileRef = 8AD2264E181740E400B1EA5D /* Main.storyboard */; };
		8AD22655181740E400B1EA5D /* Images.xcassets in Resources */ = {isa = PBXBuildFile; fileRef = 8AD22654181740E400B1EA5D /* Images.xcassets */; };
		8AD2265C181740E400B1EA5D /* XCTest.framework in Frameworks */ = {isa = PBXBuildFile; fileRef = 8AD2265B181740E400B1EA5D /* XCTest.framework */; };
		8AD2265D181740E400B1EA5D /* Foundation.framework in Frameworks */ = {isa = PBXBuildFile; fileRef = 8AD2263C181740E400B1EA5D /* Foundation.framework */; };
		8AD2265E181740E400B1EA5D /* UIKit.framework in Frameworks */ = {isa = PBXBuildFile; fileRef = 8AD22640181740E400B1EA5D /* UIKit.framework */; };
		8AD22666181740E400B1EA5D /* InfoPlist.strings in Resources */ = {isa = PBXBuildFile; fileRef = 8AD22664181740E400B1EA5D /* InfoPlist.strings */; };
		8AD22668181740E400B1EA5D /* PostMVCTests.m in Sources */ = {isa = PBXBuildFile; fileRef = 8AD22667181740E400B1EA5D /* PostMVCTests.m */; };
		8AD226761817485300B1EA5D /* ZMBPost.m in Sources */ = {isa = PBXBuildFile; fileRef = 8AD226751817485300B1EA5D /* ZMBPost.m */; };
		8AD2267918174C2300B1EA5D /* ZMBPostTableViewCell.m in Sources */ = {isa = PBXBuildFile; fileRef = 8AD2267818174C2300B1EA5D /* ZMBPostTableViewCell.m */; };
		8AD2267C181856BE00B1EA5D /* ZMBPostsTableViewController.m in Sources */ = {isa = PBXBuildFile; fileRef = 8AD2267B181856BE00B1EA5D /* ZMBPostsTableViewController.m */; };
		8AECBDCC181DC2A10045BF26 /* ZMBEditPostsViewController.m in Sources */ = {isa = PBXBuildFile; fileRef = 8AECBDCB181DC2A10045BF26 /* ZMBEditPostsViewController.m */; };
		8AECBE1C1821BA6B0045BF26 /* ZMBCreatePostsViewController.m in Sources */ = {isa = PBXBuildFile; fileRef = 8AECBE1B1821BA6B0045BF26 /* ZMBCreatePostsViewController.m */; };
/* End PBXBuildFile section */

/* Begin PBXContainerItemProxy section */
		8AD2265F181740E400B1EA5D /* PBXContainerItemProxy */ = {
			isa = PBXContainerItemProxy;
			containerPortal = 8AD22631181740E400B1EA5D /* Project object */;
			proxyType = 1;
			remoteGlobalIDString = 8AD22638181740E400B1EA5D;
			remoteInfo = PostMVC;
		};
/* End PBXContainerItemProxy section */

/* Begin PBXFileReference section */
		8A602AE51828577E0054DFD7 /* UIColor+RandomColor.h */ = {isa = PBXFileReference; fileEncoding = 4; lastKnownFileType = sourcecode.c.h; path = "UIColor+RandomColor.h"; sourceTree = "<group>"; };
		8A602AE61828577E0054DFD7 /* UIColor+RandomColor.m */ = {isa = PBXFileReference; fileEncoding = 4; lastKnownFileType = sourcecode.c.objc; path = "UIColor+RandomColor.m"; sourceTree = "<group>"; };
		8AD22639181740E400B1EA5D /* PostMVC.app */ = {isa = PBXFileReference; explicitFileType = wrapper.application; includeInIndex = 0; path = PostMVC.app; sourceTree = BUILT_PRODUCTS_DIR; };
		8AD2263C181740E400B1EA5D /* Foundation.framework */ = {isa = PBXFileReference; lastKnownFileType = wrapper.framework; name = Foundation.framework; path = System/Library/Frameworks/Foundation.framework; sourceTree = SDKROOT; };
		8AD2263E181740E400B1EA5D /* CoreGraphics.framework */ = {isa = PBXFileReference; lastKnownFileType = wrapper.framework; name = CoreGraphics.framework; path = System/Library/Frameworks/CoreGraphics.framework; sourceTree = SDKROOT; };
		8AD22640181740E400B1EA5D /* UIKit.framework */ = {isa = PBXFileReference; lastKnownFileType = wrapper.framework; name = UIKit.framework; path = System/Library/Frameworks/UIKit.framework; sourceTree = SDKROOT; };
		8AD22644181740E400B1EA5D /* PostMVC-Info.plist */ = {isa = PBXFileReference; lastKnownFileType = text.plist.xml; path = "PostMVC-Info.plist"; sourceTree = "<group>"; };
		8AD22646181740E400B1EA5D /* en */ = {isa = PBXFileReference; lastKnownFileType = text.plist.strings; name = en; path = en.lproj/InfoPlist.strings; sourceTree = "<group>"; };
		8AD22648181740E400B1EA5D /* main.m */ = {isa = PBXFileReference; lastKnownFileType = sourcecode.c.objc; path = main.m; sourceTree = "<group>"; };
		8AD2264A181740E400B1EA5D /* PostMVC-Prefix.pch */ = {isa = PBXFileReference; lastKnownFileType = sourcecode.c.h; path = "PostMVC-Prefix.pch"; sourceTree = "<group>"; };
		8AD2264B181740E400B1EA5D /* ZMBAppDelegate.h */ = {isa = PBXFileReference; lastKnownFileType = sourcecode.c.h; path = ZMBAppDelegate.h; sourceTree = "<group>"; };
		8AD2264C181740E400B1EA5D /* ZMBAppDelegate.m */ = {isa = PBXFileReference; lastKnownFileType = sourcecode.c.objc; path = ZMBAppDelegate.m; sourceTree = "<group>"; };
		8AD2264F181740E400B1EA5D /* Base */ = {isa = PBXFileReference; lastKnownFileType = file.storyboard; name = Base; path = Base.lproj/Main.storyboard; sourceTree = "<group>"; };
		8AD22654181740E400B1EA5D /* Images.xcassets */ = {isa = PBXFileReference; lastKnownFileType = folder.assetcatalog; path = Images.xcassets; sourceTree = "<group>"; };
		8AD2265A181740E400B1EA5D /* PostMVCTests.xctest */ = {isa = PBXFileReference; explicitFileType = wrapper.cfbundle; includeInIndex = 0; path = PostMVCTests.xctest; sourceTree = BUILT_PRODUCTS_DIR; };
		8AD2265B181740E400B1EA5D /* XCTest.framework */ = {isa = PBXFileReference; lastKnownFileType = wrapper.framework; name = XCTest.framework; path = Library/Frameworks/XCTest.framework; sourceTree = DEVELOPER_DIR; };
		8AD22663181740E400B1EA5D /* PostMVCTests-Info.plist */ = {isa = PBXFileReference; lastKnownFileType = text.plist.xml; path = "PostMVCTests-Info.plist"; sourceTree = "<group>"; };
		8AD22665181740E400B1EA5D /* en */ = {isa = PBXFileReference; lastKnownFileType = text.plist.strings; name = en; path = en.lproj/InfoPlist.strings; sourceTree = "<group>"; };
		8AD22667181740E400B1EA5D /* PostMVCTests.m */ = {isa = PBXFileReference; lastKnownFileType = sourcecode.c.objc; path = PostMVCTests.m; sourceTree = "<group>"; };
		8AD226741817485300B1EA5D /* ZMBPost.h */ = {isa = PBXFileReference; fileEncoding = 4; lastKnownFileType = sourcecode.c.h; path = ZMBPost.h; sourceTree = "<group>"; };
		8AD226751817485300B1EA5D /* ZMBPost.m */ = {isa = PBXFileReference; fileEncoding = 4; lastKnownFileType = sourcecode.c.objc; path = ZMBPost.m; sourceTree = "<group>"; };
		8AD2267718174C2300B1EA5D /* ZMBPostTableViewCell.h */ = {isa = PBXFileReference; fileEncoding = 4; lastKnownFileType = sourcecode.c.h; path = ZMBPostTableViewCell.h; sourceTree = "<group>"; };
		8AD2267818174C2300B1EA5D /* ZMBPostTableViewCell.m */ = {isa = PBXFileReference; fileEncoding = 4; lastKnownFileType = sourcecode.c.objc; path = ZMBPostTableViewCell.m; sourceTree = "<group>"; };
		8AD2267A181856BE00B1EA5D /* ZMBPostsTableViewController.h */ = {isa = PBXFileReference; fileEncoding = 4; lastKnownFileType = sourcecode.c.h; name = ZMBPostsTableViewController.h; path = ../ZMBPostsTableViewController.h; sourceTree = "<group>"; };
		8AD2267B181856BE00B1EA5D /* ZMBPostsTableViewController.m */ = {isa = PBXFileReference; fileEncoding = 4; lastKnownFileType = sourcecode.c.objc; name = ZMBPostsTableViewController.m; path = ../ZMBPostsTableViewController.m; sourceTree = "<group>"; };
		8AECBDCA181DC2A10045BF26 /* ZMBEditPostsViewController.h */ = {isa = PBXFileReference; fileEncoding = 4; lastKnownFileType = sourcecode.c.h; path = ZMBEditPostsViewController.h; sourceTree = "<group>"; };
		8AECBDCB181DC2A10045BF26 /* ZMBEditPostsViewController.m */ = {isa = PBXFileReference; fileEncoding = 4; lastKnownFileType = sourcecode.c.objc; path = ZMBEditPostsViewController.m; sourceTree = "<group>"; };
		8AECBE1A1821BA6B0045BF26 /* ZMBCreatePostsViewController.h */ = {isa = PBXFileReference; fileEncoding = 4; lastKnownFileType = sourcecode.c.h; path = ZMBCreatePostsViewController.h; sourceTree = "<group>"; };
		8AECBE1B1821BA6B0045BF26 /* ZMBCreatePostsViewController.m */ = {isa = PBXFileReference; fileEncoding = 4; lastKnownFileType = sourcecode.c.objc; path = ZMBCreatePostsViewController.m; sourceTree = "<group>"; };
/* End PBXFileReference section */

/* Begin PBXFrameworksBuildPhase section */
		8AD22636181740E400B1EA5D /* Frameworks */ = {
			isa = PBXFrameworksBuildPhase;
			buildActionMask = 2147483647;
			files = (
				8AD2263F181740E400B1EA5D /* CoreGraphics.framework in Frameworks */,
				8AD22641181740E400B1EA5D /* UIKit.framework in Frameworks */,
				8AD2263D181740E400B1EA5D /* Foundation.framework in Frameworks */,
			);
			runOnlyForDeploymentPostprocessing = 0;
		};
		8AD22657181740E400B1EA5D /* Frameworks */ = {
			isa = PBXFrameworksBuildPhase;
			buildActionMask = 2147483647;
			files = (
				8AD2265C181740E400B1EA5D /* XCTest.framework in Frameworks */,
				8AD2265E181740E400B1EA5D /* UIKit.framework in Frameworks */,
				8AD2265D181740E400B1EA5D /* Foundation.framework in Frameworks */,
			);
			runOnlyForDeploymentPostprocessing = 0;
		};
/* End PBXFrameworksBuildPhase section */

/* Begin PBXGroup section */
		8AD22630181740E400B1EA5D = {
			isa = PBXGroup;
			children = (
				8AD22642181740E400B1EA5D /* PostMVC */,
				8AD22661181740E400B1EA5D /* PostMVCTests */,
				8AD2263B181740E400B1EA5D /* Frameworks */,
				8AD2263A181740E400B1EA5D /* Products */,
			);
			sourceTree = "<group>";
		};
		8AD2263A181740E400B1EA5D /* Products */ = {
			isa = PBXGroup;
			children = (
				8AD22639181740E400B1EA5D /* PostMVC.app */,
				8AD2265A181740E400B1EA5D /* PostMVCTests.xctest */,
			);
			name = Products;
			sourceTree = "<group>";
		};
		8AD2263B181740E400B1EA5D /* Frameworks */ = {
			isa = PBXGroup;
			children = (
				8AD2263C181740E400B1EA5D /* Foundation.framework */,
				8AD2263E181740E400B1EA5D /* CoreGraphics.framework */,
				8AD22640181740E400B1EA5D /* UIKit.framework */,
				8AD2265B181740E400B1EA5D /* XCTest.framework */,
			);
			name = Frameworks;
			sourceTree = "<group>";
		};
		8AD22642181740E400B1EA5D /* PostMVC */ = {
			isa = PBXGroup;
			children = (
				8AD2264B181740E400B1EA5D /* ZMBAppDelegate.h */,
				8AD2264C181740E400B1EA5D /* ZMBAppDelegate.m */,
				8AD2264E181740E400B1EA5D /* Main.storyboard */,
				8AD2267A181856BE00B1EA5D /* ZMBPostsTableViewController.h */,
				8AD2267B181856BE00B1EA5D /* ZMBPostsTableViewController.m */,
				8AD2267718174C2300B1EA5D /* ZMBPostTableViewCell.h */,
				8AD2267818174C2300B1EA5D /* ZMBPostTableViewCell.m */,
				8AECBDCA181DC2A10045BF26 /* ZMBEditPostsViewController.h */,
				8AECBDCB181DC2A10045BF26 /* ZMBEditPostsViewController.m */,
				8AECBE1A1821BA6B0045BF26 /* ZMBCreatePostsViewController.h */,
				8AECBE1B1821BA6B0045BF26 /* ZMBCreatePostsViewController.m */,
				8AD22654181740E400B1EA5D /* Images.xcassets */,
				8AD22643181740E400B1EA5D /* Supporting Files */,
			);
			path = PostMVC;
			sourceTree = "<group>";
		};
		8AD22643181740E400B1EA5D /* Supporting Files */ = {
			isa = PBXGroup;
			children = (
				8AD22644181740E400B1EA5D /* PostMVC-Info.plist */,
				8AD22645181740E400B1EA5D /* InfoPlist.strings */,
				8AD22648181740E400B1EA5D /* main.m */,
				8AD2264A181740E400B1EA5D /* PostMVC-Prefix.pch */,
				8AD226741817485300B1EA5D /* ZMBPost.h */,
				8AD226751817485300B1EA5D /* ZMBPost.m */,
				8A602AE51828577E0054DFD7 /* UIColor+RandomColor.h */,
				8A602AE61828577E0054DFD7 /* UIColor+RandomColor.m */,
			);
			name = "Supporting Files";
			sourceTree = "<group>";
		};
		8AD22661181740E400B1EA5D /* PostMVCTests */ = {
			isa = PBXGroup;
			children = (
				8AD22667181740E400B1EA5D /* PostMVCTests.m */,
				8AD22662181740E400B1EA5D /* Supporting Files */,
			);
			path = PostMVCTests;
			sourceTree = "<group>";
		};
		8AD22662181740E400B1EA5D /* Supporting Files */ = {
			isa = PBXGroup;
			children = (
				8AD22663181740E400B1EA5D /* PostMVCTests-Info.plist */,
				8AD22664181740E400B1EA5D /* InfoPlist.strings */,
			);
			name = "Supporting Files";
			sourceTree = "<group>";
		};
/* End PBXGroup section */

/* Begin PBXNativeTarget section */
		8AD22638181740E400B1EA5D /* PostMVC */ = {
			isa = PBXNativeTarget;
			buildConfigurationList = 8AD2266B181740E400B1EA5D /* Build configuration list for PBXNativeTarget "PostMVC" */;
			buildPhases = (
				8AD22635181740E400B1EA5D /* Sources */,
				8AD22636181740E400B1EA5D /* Frameworks */,
				8AD22637181740E400B1EA5D /* Resources */,
			);
			buildRules = (
			);
			dependencies = (
			);
			name = PostMVC;
			productName = PostMVC;
			productReference = 8AD22639181740E400B1EA5D /* PostMVC.app */;
			productType = "com.apple.product-type.application";
		};
		8AD22659181740E400B1EA5D /* PostMVCTests */ = {
			isa = PBXNativeTarget;
			buildConfigurationList = 8AD2266E181740E400B1EA5D /* Build configuration list for PBXNativeTarget "PostMVCTests" */;
			buildPhases = (
				8AD22656181740E400B1EA5D /* Sources */,
				8AD22657181740E400B1EA5D /* Frameworks */,
				8AD22658181740E400B1EA5D /* Resources */,
			);
			buildRules = (
			);
			dependencies = (
				8AD22660181740E400B1EA5D /* PBXTargetDependency */,
			);
			name = PostMVCTests;
			productName = PostMVCTests;
			productReference = 8AD2265A181740E400B1EA5D /* PostMVCTests.xctest */;
			productType = "com.apple.product-type.bundle.unit-test";
		};
/* End PBXNativeTarget section */

/* Begin PBXProject section */
		8AD22631181740E400B1EA5D /* Project object */ = {
			isa = PBXProject;
			attributes = {
				CLASSPREFIX = ZMB;
				LastUpgradeCheck = 0500;
				ORGANIZATIONNAME = "Zuri Biringer";
				TargetAttributes = {
					8AD22659181740E400B1EA5D = {
						TestTargetID = 8AD22638181740E400B1EA5D;
					};
				};
			};
			buildConfigurationList = 8AD22634181740E400B1EA5D /* Build configuration list for PBXProject "PostMVC" */;
			compatibilityVersion = "Xcode 3.2";
			developmentRegion = English;
			hasScannedForEncodings = 0;
			knownRegions = (
				en,
				Base,
			);
			mainGroup = 8AD22630181740E400B1EA5D;
			productRefGroup = 8AD2263A181740E400B1EA5D /* Products */;
			projectDirPath = "";
			projectRoot = "";
			targets = (
				8AD22638181740E400B1EA5D /* PostMVC */,
				8AD22659181740E400B1EA5D /* PostMVCTests */,
			);
		};
/* End PBXProject section */

/* Begin PBXResourcesBuildPhase section */
		8AD22637181740E400B1EA5D /* Resources */ = {
			isa = PBXResourcesBuildPhase;
			buildActionMask = 2147483647;
			files = (
				8AD22655181740E400B1EA5D /* Images.xcassets in Resources */,
				8AD22647181740E400B1EA5D /* InfoPlist.strings in Resources */,
				8AD22650181740E400B1EA5D /* Main.storyboard in Resources */,
			);
			runOnlyForDeploymentPostprocessing = 0;
		};
		8AD22658181740E400B1EA5D /* Resources */ = {
			isa = PBXResourcesBuildPhase;
			buildActionMask = 2147483647;
			files = (
				8AD22666181740E400B1EA5D /* InfoPlist.strings in Resources */,
			);
			runOnlyForDeploymentPostprocessing = 0;
		};
/* End PBXResourcesBuildPhase section */

/* Begin PBXSourcesBuildPhase section */
		8AD22635181740E400B1EA5D /* Sources */ = {
			isa = PBXSourcesBuildPhase;
			buildActionMask = 2147483647;
			files = (
				8A602AE71828577E0054DFD7 /* UIColor+RandomColor.m in Sources */,
				8AD2267918174C2300B1EA5D /* ZMBPostTableViewCell.m in Sources */,
				8AD2267C181856BE00B1EA5D /* ZMBPostsTableViewController.m in Sources */,
				8AECBDCC181DC2A10045BF26 /* ZMBEditPostsViewController.m in Sources */,
				8AD2264D181740E400B1EA5D /* ZMBAppDelegate.m in Sources */,
				8AECBE1C1821BA6B0045BF26 /* ZMBCreatePostsViewController.m in Sources */,
				8AD22649181740E400B1EA5D /* main.m in Sources */,
				8AD226761817485300B1EA5D /* ZMBPost.m in Sources */,
			);
			runOnlyForDeploymentPostprocessing = 0;
		};
		8AD22656181740E400B1EA5D /* Sources */ = {
			isa = PBXSourcesBuildPhase;
			buildActionMask = 2147483647;
			files = (
				8AD22668181740E400B1EA5D /* PostMVCTests.m in Sources */,
			);
			runOnlyForDeploymentPostprocessing = 0;
		};
/* End PBXSourcesBuildPhase section */

/* Begin PBXTargetDependency section */
		8AD22660181740E400B1EA5D /* PBXTargetDependency */ = {
			isa = PBXTargetDependency;
			target = 8AD22638181740E400B1EA5D /* PostMVC */;
			targetProxy = 8AD2265F181740E400B1EA5D /* PBXContainerItemProxy */;
		};
/* End PBXTargetDependency section */

/* Begin PBXVariantGroup section */
		8AD22645181740E400B1EA5D /* InfoPlist.strings */ = {
			isa = PBXVariantGroup;
			children = (
				8AD22646181740E400B1EA5D /* en */,
			);
			name = InfoPlist.strings;
			sourceTree = "<group>";
		};
		8AD2264E181740E400B1EA5D /* Main.storyboard */ = {
			isa = PBXVariantGroup;
			children = (
				8AD2264F181740E400B1EA5D /* Base */,
			);
			name = Main.storyboard;
			sourceTree = "<group>";
		};
		8AD22664181740E400B1EA5D /* InfoPlist.strings */ = {
			isa = PBXVariantGroup;
			children = (
				8AD22665181740E400B1EA5D /* en */,
			);
			name = InfoPlist.strings;
			sourceTree = "<group>";
		};
/* End PBXVariantGroup section */

/* Begin XCBuildConfiguration section */
		8AD22669181740E400B1EA5D /* Debug */ = {
			isa = XCBuildConfiguration;
			buildSettings = {
				ALWAYS_SEARCH_USER_PATHS = NO;
				ARCHS = "$(ARCHS_STANDARD_INCLUDING_64_BIT)";
				CLANG_CXX_LANGUAGE_STANDARD = "gnu++0x";
				CLANG_CXX_LIBRARY = "libc++";
				CLANG_ENABLE_MODULES = YES;
				CLANG_ENABLE_OBJC_ARC = YES;
				CLANG_WARN_BOOL_CONVERSION = YES;
				CLANG_WARN_CONSTANT_CONVERSION = YES;
				CLANG_WARN_DIRECT_OBJC_ISA_USAGE = YES_ERROR;
				CLANG_WARN_EMPTY_BODY = YES;
				CLANG_WARN_ENUM_CONVERSION = YES;
				CLANG_WARN_INT_CONVERSION = YES;
				CLANG_WARN_OBJC_ROOT_CLASS = YES_ERROR;
				CLANG_WARN__DUPLICATE_METHOD_MATCH = YES;
				"CODE_SIGN_IDENTITY[sdk=iphoneos*]" = "iPhone Developer";
				COPY_PHASE_STRIP = NO;
				GCC_C_LANGUAGE_STANDARD = gnu99;
				GCC_DYNAMIC_NO_PIC = NO;
				GCC_OPTIMIZATION_LEVEL = 0;
				GCC_PREPROCESSOR_DEFINITIONS = (
					"DEBUG=1",
					"$(inherited)",
				);
				GCC_SYMBOLS_PRIVATE_EXTERN = NO;
				GCC_WARN_64_TO_32_BIT_CONVERSION = YES;
				GCC_WARN_ABOUT_RETURN_TYPE = YES_ERROR;
				GCC_WARN_UNDECLARED_SELECTOR = YES;
				GCC_WARN_UNINITIALIZED_AUTOS = YES;
				GCC_WARN_UNUSED_FUNCTION = YES;
				GCC_WARN_UNUSED_VARIABLE = YES;
				IPHONEOS_DEPLOYMENT_TARGET = 7.0;
				ONLY_ACTIVE_ARCH = YES;
				SDKROOT = iphoneos;
			};
			name = Debug;
		};
		8AD2266A181740E400B1EA5D /* Release */ = {
			isa = XCBuildConfiguration;
			buildSettings = {
				ALWAYS_SEARCH_USER_PATHS = NO;
				ARCHS = "$(ARCHS_STANDARD_INCLUDING_64_BIT)";
				CLANG_CXX_LANGUAGE_STANDARD = "gnu++0x";
				CLANG_CXX_LIBRARY = "libc++";
				CLANG_ENABLE_MODULES = YES;
				CLANG_ENABLE_OBJC_ARC = YES;
				CLANG_WARN_BOOL_CONVERSION = YES;
				CLANG_WARN_CONSTANT_CONVERSION = YES;
				CLANG_WARN_DIRECT_OBJC_ISA_USAGE = YES_ERROR;
				CLANG_WARN_EMPTY_BODY = YES;
				CLANG_WARN_ENUM_CONVERSION = YES;
				CLANG_WARN_INT_CONVERSION = YES;
				CLANG_WARN_OBJC_ROOT_CLASS = YES_ERROR;
				CLANG_WARN__DUPLICATE_METHOD_MATCH = YES;
				"CODE_SIGN_IDENTITY[sdk=iphoneos*]" = "iPhone Developer";
				COPY_PHASE_STRIP = YES;
				ENABLE_NS_ASSERTIONS = NO;
				GCC_C_LANGUAGE_STANDARD = gnu99;
				GCC_WARN_64_TO_32_BIT_CONVERSION = YES;
				GCC_WARN_ABOUT_RETURN_TYPE = YES_ERROR;
				GCC_WARN_UNDECLARED_SELECTOR = YES;
				GCC_WARN_UNINITIALIZED_AUTOS = YES;
				GCC_WARN_UNUSED_FUNCTION = YES;
				GCC_WARN_UNUSED_VARIABLE = YES;
				IPHONEOS_DEPLOYMENT_TARGET = 7.0;
				SDKROOT = iphoneos;
				VALIDATE_PRODUCT = YES;
			};
			name = Release;
		};
		8AD2266C181740E400B1EA5D /* Debug */ = {
			isa = XCBuildConfiguration;
			buildSettings = {
				ASSETCATALOG_COMPILER_APPICON_NAME = AppIcon;
				ASSETCATALOG_COMPILER_LAUNCHIMAGE_NAME = LaunchImage;
				GCC_PRECOMPILE_PREFIX_HEADER = YES;
				GCC_PREFIX_HEADER = "PostMVC/PostMVC-Prefix.pch";
				INFOPLIST_FILE = "PostMVC/PostMVC-Info.plist";
				PRODUCT_NAME = "$(TARGET_NAME)";
				WRAPPER_EXTENSION = app;
			};
			name = Debug;
		};
		8AD2266D181740E400B1EA5D /* Release */ = {
			isa = XCBuildConfiguration;
			buildSettings = {
				ASSETCATALOG_COMPILER_APPICON_NAME = AppIcon;
				ASSETCATALOG_COMPILER_LAUNCHIMAGE_NAME = LaunchImage;
				GCC_PRECOMPILE_PREFIX_HEADER = YES;
				GCC_PREFIX_HEADER = "PostMVC/PostMVC-Prefix.pch";
				INFOPLIST_FILE = "PostMVC/PostMVC-Info.plist";
				PRODUCT_NAME = "$(TARGET_NAME)";
				WRAPPER_EXTENSION = app;
			};
			name = Release;
		};
		8AD2266F181740E400B1EA5D /* Debug */ = {
			isa = XCBuildConfiguration;
			buildSettings = {
				ARCHS = "$(ARCHS_STANDARD_INCLUDING_64_BIT)";
				BUNDLE_LOADER = "$(BUILT_PRODUCTS_DIR)/PostMVC.app/PostMVC";
				FRAMEWORK_SEARCH_PATHS = (
					"$(SDKROOT)/Developer/Library/Frameworks",
					"$(inherited)",
					"$(DEVELOPER_FRAMEWORKS_DIR)",
				);
				GCC_PRECOMPILE_PREFIX_HEADER = YES;
				GCC_PREFIX_HEADER = "PostMVC/PostMVC-Prefix.pch";
				GCC_PREPROCESSOR_DEFINITIONS = (
					"DEBUG=1",
					"$(inherited)",
				);
				INFOPLIST_FILE = "PostMVCTests/PostMVCTests-Info.plist";
				PRODUCT_NAME = "$(TARGET_NAME)";
				TEST_HOST = "$(BUNDLE_LOADER)";
				WRAPPER_EXTENSION = xctest;
			};
			name = Debug;
		};
		8AD22670181740E400B1EA5D /* Release */ = {
			isa = XCBuildConfiguration;
			buildSettings = {
				ARCHS = "$(ARCHS_STANDARD_INCLUDING_64_BIT)";
				BUNDLE_LOADER = "$(BUILT_PRODUCTS_DIR)/PostMVC.app/PostMVC";
				FRAMEWORK_SEARCH_PATHS = (
					"$(SDKROOT)/Developer/Library/Frameworks",
					"$(inherited)",
					"$(DEVELOPER_FRAMEWORKS_DIR)",
				);
				GCC_PRECOMPILE_PREFIX_HEADER = YES;
				GCC_PREFIX_HEADER = "PostMVC/PostMVC-Prefix.pch";
				INFOPLIST_FILE = "PostMVCTests/PostMVCTests-Info.plist";
				PRODUCT_NAME = "$(TARGET_NAME)";
				TEST_HOST = "$(BUNDLE_LOADER)";
				WRAPPER_EXTENSION = xctest;
			};
			name = Release;
		};
/* End XCBuildConfiguration section */

/* Begin XCConfigurationList section */
		8AD22634181740E400B1EA5D /* Build configuration list for PBXProject "PostMVC" */ = {
			isa = XCConfigurationList;
			buildConfigurations = (
				8AD22669181740E400B1EA5D /* Debug */,
				8AD2266A181740E400B1EA5D /* Release */,
			);
			defaultConfigurationIsVisible = 0;
			defaultConfigurationName = Release;
		};
		8AD2266B181740E400B1EA5D /* Build configuration list for PBXNativeTarget "PostMVC" */ = {
			isa = XCConfigurationList;
			buildConfigurations = (
				8AD2266C181740E400B1EA5D /* Debug */,
				8AD2266D181740E400B1EA5D /* Release */,
			);
			defaultConfigurationIsVisible = 0;
			defaultConfigurationName = Release;
		};
		8AD2266E181740E400B1EA5D /* Build configuration list for PBXNativeTarget "PostMVCTests" */ = {
			isa = XCConfigurationList;
			buildConfigurations = (
				8AD2266F181740E400B1EA5D /* Debug */,
				8AD22670181740E400B1EA5D /* Release */,
			);
			defaultConfigurationIsVisible = 0;
			defaultConfigurationName = Release;
		};
/* End XCConfigurationList section */
	};
	rootObject = 8AD22631181740E400B1EA5D /* Project object */;
}
